
Microsoft Visual Studio Solution File, Format Version 12.00
# Visual Studio Version 17
VisualStudioVersion = 17.2.32616.157
MinimumVisualStudioVersion = 10.0.40219.1
Project("{FAE04EC0-301F-11D3-BF4B-00C04F79EFBC}") = "Project", "Project.csproj", "{B3710D37-DDA4-4121-882C-688B671676F4}"
EndProject
Global
	GlobalSection(SolutionConfigurationPlatforms) = preSolution
		Debug|Any CPU = Debug|Any CPU
		Release|Any CPU = Release|Any CPU
	EndGlobalSection
	GlobalSection(ProjectConfigurationPlatforms) = postSolution
		{B3710D37-DDA4-4121-882C-688B671676F4}.Debug|Any CPU.ActiveCfg = Debug|Any CPU
		{B3710D37-DDA4-4121-882C-688B671676F4}.Debug|Any CPU.Build.0 = Debug|Any CPU
		{B3710D37-DDA4-4121-882C-688B671676F4}.Release|Any CPU.ActiveCfg = Release|Any CPU
		{B3710D37-DDA4-4121-882C-688B671676F4}.Release|Any CPU.Build.0 = Release|Any CPU
	EndGlobalSection
	GlobalSection(SolutionProperties) = preSolution
		HideSolutionNode = FALSE
	EndGlobalSection
	GlobalSection(ExtensibilityGlobals) = postSolution
		SolutionGuid = {904D8CFA-1CAA-41BF-8CF6-6B27F3210242}
	EndGlobalSection
EndGlobal
